
Microsoft Visual Studio Solution File, Format Version 12.00
# Visual Studio Version 17
VisualStudioVersion = 17.3.32922.545
MinimumVisualStudioVersion = 10.0.40219.1
Project("{FAE04EC0-301F-11D3-BF4B-00C04F79EFBC}") = "Robusta", "Robusta\Robusta.csproj", "{A11D3F0D-2EA7-4567-B5A8-C9A8AC3DFA31}"
EndProject
Project("{FAE04EC0-301F-11D3-BF4B-00C04F79EFBC}") = "TestApp", "TestApp\TestApp.csproj", "{869C31DF-7AB6-4C9E-A1D1-78EAB6F97C09}"
EndProject
Global
	GlobalSection(SolutionConfigurationPlatforms) = preSolution
		Debug|Any CPU = Debug|Any CPU
		Release|Any CPU = Release|Any CPU
	EndGlobalSection
	GlobalSection(ProjectConfigurationPlatforms) = postSolution
		{A11D3F0D-2EA7-4567-B5A8-C9A8AC3DFA31}.Debug|Any CPU.ActiveCfg = Debug|Any CPU
		{A11D3F0D-2EA7-4567-B5A8-C9A8AC3DFA31}.Debug|Any CPU.Build.0 = Debug|Any CPU
		{A11D3F0D-2EA7-4567-B5A8-C9A8AC3DFA31}.Release|Any CPU.ActiveCfg = Release|Any CPU
		{A11D3F0D-2EA7-4567-B5A8-C9A8AC3DFA31}.Release|Any CPU.Build.0 = Release|Any CPU
		{869C31DF-7AB6-4C9E-A1D1-78EAB6F97C09}.Debug|Any CPU.ActiveCfg = Debug|Any CPU
		{869C31DF-7AB6-4C9E-A1D1-78EAB6F97C09}.Debug|Any CPU.Build.0 = Debug|Any CPU
		{869C31DF-7AB6-4C9E-A1D1-78EAB6F97C09}.Release|Any CPU.ActiveCfg = Release|Any CPU
		{869C31DF-7AB6-4C9E-A1D1-78EAB6F97C09}.Release|Any CPU.Build.0 = Release|Any CPU
	EndGlobalSection
	GlobalSection(SolutionProperties) = preSolution
		HideSolutionNode = FALSE
	EndGlobalSection
	GlobalSection(ExtensibilityGlobals) = postSolution
		SolutionGuid = {9736A598-B512-4E87-B3A4-1047AE3335E3}
	EndGlobalSection
EndGlobal
